
Microsoft Visual Studio Solution File, Format Version 12.00
# Visual Studio Version 17
VisualStudioVersion = 17.0.31903.59
MinimumVisualStudioVersion = 10.0.40219.1
Project("{FAE04EC0-301F-11D3-BF4B-00C04F79EFBC}") = "user", "user\user.csproj", "{A8E1F757-520F-4B9D-BBE9-F7C5A62BA797}"
EndProject
Project("{FAE04EC0-301F-11D3-BF4B-00C04F79EFBC}") = "geolocation", "geolocation\geolocation.csproj", "{78CC7B28-2574-4542-8426-C26519A37D8D}"
EndProject
Global
	GlobalSection(SolutionConfigurationPlatforms) = preSolution
		Debug|Any CPU = Debug|Any CPU
		Release|Any CPU = Release|Any CPU
	EndGlobalSection
	GlobalSection(SolutionProperties) = preSolution
		HideSolutionNode = FALSE
	EndGlobalSection
	GlobalSection(ProjectConfigurationPlatforms) = postSolution
		{A8E1F757-520F-4B9D-BBE9-F7C5A62BA797}.Debug|Any CPU.ActiveCfg = Debug|Any CPU
		{A8E1F757-520F-4B9D-BBE9-F7C5A62BA797}.Debug|Any CPU.Build.0 = Debug|Any CPU
		{A8E1F757-520F-4B9D-BBE9-F7C5A62BA797}.Release|Any CPU.ActiveCfg = Release|Any CPU
		{A8E1F757-520F-4B9D-BBE9-F7C5A62BA797}.Release|Any CPU.Build.0 = Release|Any CPU
		{78CC7B28-2574-4542-8426-C26519A37D8D}.Debug|Any CPU.ActiveCfg = Debug|Any CPU
		{78CC7B28-2574-4542-8426-C26519A37D8D}.Debug|Any CPU.Build.0 = Debug|Any CPU
		{78CC7B28-2574-4542-8426-C26519A37D8D}.Release|Any CPU.ActiveCfg = Release|Any CPU
		{78CC7B28-2574-4542-8426-C26519A37D8D}.Release|Any CPU.Build.0 = Release|Any CPU
	EndGlobalSection
EndGlobal
